# THIS IS AN AUTOGENERATED FILE. DO NOT EDIT THIS FILE DIRECTLY.
# yarn lockfile v1


"@nestjs/microservices@^10.2.7":
  version "10.2.7"
  resolved "https://registry.yarnpkg.com/@nestjs/microservices/-/microservices-10.2.7.tgz#fc17ee5eeaeccc8ac05f6295c601170c04f8604e"
  integrity sha512-ggpng1yRuugPufn+OKeHV6Dcw3TWI7lmOvXkyYRwatVHQMvb3MlPpbzsA5PfUlg5DsjPGEWRbkIWN7OFb8OTyw==
  dependencies:
    iterare "1.2.1"
    tslib "2.6.2"

iterare@1.2.1:
  version "1.2.1"
  resolved "https://registry.yarnpkg.com/iterare/-/iterare-1.2.1.tgz#139c400ff7363690e33abffa33cbba8920f00042"
  integrity sha512-RKYVTCjAnRthyJes037NX/IiqeidgN1xc3j1RjFfECFp28A1GVwK9nA+i0rJPaHqSZwygLzRnFlzUuHFoWWy+Q==

tslib@2.6.2:
  version "2.6.2"
  resolved "https://registry.yarnpkg.com/tslib/-/tslib-2.6.2.tgz#703ac29425e7b37cd6fd456e92404d46d1f3e4ae"
  integrity sha512-AEYxH93jGFPn/a2iVAwW87VuUIkR1FVUKB77NwMF7nBTDkDrrT/Hpt/IrCJ0QXhW27jTBDcf5ZY7w6RiqTMw2Q==
